
Microsoft Visual Studio Solution File, Format Version 12.00
# Visual Studio Version 16
VisualStudioVersion = 16.0.31624.102
MinimumVisualStudioVersion = 10.0.40219.1
Project("{FAE04EC0-301F-11D3-BF4B-00C04F79EFBC}") = "PrimeiroProjeto", "Desbug\PrimeiroProjeto.csproj", "{AD3F7114-E4FB-4F6C-9768-0303B93C6161}"
EndProject
Global
	GlobalSection(SolutionConfigurationPlatforms) = preSolution
		Debug|Any CPU = Debug|Any CPU
		Release|Any CPU = Release|Any CPU
	EndGlobalSection
	GlobalSection(ProjectConfigurationPlatforms) = postSolution
		{AD3F7114-E4FB-4F6C-9768-0303B93C6161}.Debug|Any CPU.ActiveCfg = Debug|Any CPU
		{AD3F7114-E4FB-4F6C-9768-0303B93C6161}.Debug|Any CPU.Build.0 = Debug|Any CPU
		{AD3F7114-E4FB-4F6C-9768-0303B93C6161}.Release|Any CPU.ActiveCfg = Release|Any CPU
		{AD3F7114-E4FB-4F6C-9768-0303B93C6161}.Release|Any CPU.Build.0 = Release|Any CPU
	EndGlobalSection
	GlobalSection(SolutionProperties) = preSolution
		HideSolutionNode = FALSE
	EndGlobalSection
	GlobalSection(ExtensibilityGlobals) = postSolution
		SolutionGuid = {2D32044D-1A84-48C5-AD48-32BA78D7A13B}
	EndGlobalSection
EndGlobal
